// !$*UTF8*$!
{
	archiveVersion = 1;
	classes = {
	};
	objectVersion = 46;
	objects = {

/* Begin PBXBuildFile section */
		2923E224196E8F0A00724858 /* PJQemuTabletEventDriver.cpp in Sources */ = {isa = PBXBuildFile; fileRef = 2923E222196E8F0A00724858 /* PJQemuTabletEventDriver.cpp */; };
		2923E225196E8F0A00724858 /* PJQemuTabletEventDriver.h in Headers */ = {isa = PBXBuildFile; fileRef = 2923E223196E8F0A00724858 /* PJQemuTabletEventDriver.h */; };
/* End PBXBuildFile section */

/* Begin PBXFileReference section */
		2923E20E196DB2C900724858 /* QemuUSBTablet.kext */ = {isa = PBXFileReference; explicitFileType = wrapper.cfbundle; includeInIndex = 0; path = QemuUSBTablet.kext; sourceTree = BUILT_PRODUCTS_DIR; };
		2923E212196DB2C900724858 /* Kernel.framework */ = {isa = PBXFileReference; lastKnownFileType = wrapper.framework; name = Kernel.framework; path = System/Library/Frameworks/Kernel.framework; sourceTree = SDKROOT; };
		2923E215196DB2C900724858 /* QemuUSBTablet-Info.plist */ = {isa = PBXFileReference; lastKnownFileType = text.plist.xml; path = "QemuUSBTablet-Info.plist"; sourceTree = "<group>"; };
		2923E21C196DB2C900724858 /* QemuUSBTablet-Prefix.pch */ = {isa = PBXFileReference; lastKnownFileType = sourcecode.c.h; path = "QemuUSBTablet-Prefix.pch"; sourceTree = "<group>"; };
		2923E222196E8F0A00724858 /* PJQemuTabletEventDriver.cpp */ = {isa = PBXFileReference; fileEncoding = 4; lastKnownFileType = sourcecode.cpp.cpp; path = PJQemuTabletEventDriver.cpp; sourceTree = "<group>"; };
		2923E223196E8F0A00724858 /* PJQemuTabletEventDriver.h */ = {isa = PBXFileReference; fileEncoding = 4; lastKnownFileType = sourcecode.c.h; path = PJQemuTabletEventDriver.h; sourceTree = "<group>"; };
/* End PBXFileReference section */

/* Begin PBXFrameworksBuildPhase section */
		2923E209196DB2C900724858 /* Frameworks */ = {
			isa = PBXFrameworksBuildPhase;
			buildActionMask = 2147483647;
			files = (
			);
			runOnlyForDeploymentPostprocessing = 0;
		};
/* End PBXFrameworksBuildPhase section */

/* Begin PBXGroup section */
		2923E203196DB2C900724858 = {
			isa = PBXGroup;
			children = (
				2923E213196DB2C900724858 /* QemuUSBTablet */,
				2923E210196DB2C900724858 /* Frameworks */,
				2923E20F196DB2C900724858 /* Products */,
			);
			sourceTree = "<group>";
		};
		2923E20F196DB2C900724858 /* Products */ = {
			isa = PBXGroup;
			children = (
				2923E20E196DB2C900724858 /* QemuUSBTablet.kext */,
			);
			name = Products;
			sourceTree = "<group>";
		};
		2923E210196DB2C900724858 /* Frameworks */ = {
			isa = PBXGroup;
			children = (
				2923E211196DB2C900724858 /* Other Frameworks */,
			);
			name = Frameworks;
			sourceTree = "<group>";
		};
		2923E211196DB2C900724858 /* Other Frameworks */ = {
			isa = PBXGroup;
			children = (
				2923E212196DB2C900724858 /* Kernel.framework */,
			);
			name = "Other Frameworks";
			sourceTree = "<group>";
		};
		2923E213196DB2C900724858 /* QemuUSBTablet */ = {
			isa = PBXGroup;
			children = (
				2923E214196DB2C900724858 /* Supporting Files */,
				2923E222196E8F0A00724858 /* PJQemuTabletEventDriver.cpp */,
				2923E223196E8F0A00724858 /* PJQemuTabletEventDriver.h */,
			);
			path = QemuUSBTablet;
			sourceTree = "<group>";
		};
		2923E214196DB2C900724858 /* Supporting Files */ = {
			isa = PBXGroup;
			children = (
				2923E215196DB2C900724858 /* QemuUSBTablet-Info.plist */,
				2923E21C196DB2C900724858 /* QemuUSBTablet-Prefix.pch */,
			);
			name = "Supporting Files";
			sourceTree = "<group>";
		};
/* End PBXGroup section */

/* Begin PBXHeadersBuildPhase section */
		2923E20A196DB2C900724858 /* Headers */ = {
			isa = PBXHeadersBuildPhase;
			buildActionMask = 2147483647;
			files = (
				2923E225196E8F0A00724858 /* PJQemuTabletEventDriver.h in Headers */,
			);
			runOnlyForDeploymentPostprocessing = 0;
		};
/* End PBXHeadersBuildPhase section */

/* Begin PBXNativeTarget section */
		2923E20D196DB2C900724858 /* QemuUSBTablet */ = {
			isa = PBXNativeTarget;
			buildConfigurationList = 2923E21F196DB2C900724858 /* Build configuration list for PBXNativeTarget "QemuUSBTablet" */;
			buildPhases = (
				2923E208196DB2C900724858 /* Sources */,
				2923E209196DB2C900724858 /* Frameworks */,
				2923E20A196DB2C900724858 /* Headers */,
				2923E20B196DB2C900724858 /* Resources */,
				2923E20C196DB2C900724858 /* Rez */,
			);
			buildRules = (
			);
			dependencies = (
			);
			name = QemuUSBTablet;
			productName = QemuUSBTablet;
			productReference = 2923E20E196DB2C900724858 /* QemuUSBTablet.kext */;
			productType = "com.apple.product-type.kernel-extension";
		};
/* End PBXNativeTarget section */

/* Begin PBXProject section */
		2923E204196DB2C900724858 /* Project object */ = {
			isa = PBXProject;
			attributes = {
				LastUpgradeCheck = 0510;
				ORGANIZATIONNAME = "Phil Jordan";
			};
			buildConfigurationList = 2923E207196DB2C900724858 /* Build configuration list for PBXProject "QemuUSBTablet" */;
			compatibilityVersion = "Xcode 3.2";
			developmentRegion = English;
			hasScannedForEncodings = 0;
			knownRegions = (
				en,
			);
			mainGroup = 2923E203196DB2C900724858;
			productRefGroup = 2923E20F196DB2C900724858 /* Products */;
			projectDirPath = "";
			projectRoot = "";
			targets = (
				2923E20D196DB2C900724858 /* QemuUSBTablet */,
			);
		};
/* End PBXProject section */

/* Begin PBXResourcesBuildPhase section */
		2923E20B196DB2C900724858 /* Resources */ = {
			isa = PBXResourcesBuildPhase;
			buildActionMask = 2147483647;
			files = (
			);
			runOnlyForDeploymentPostprocessing = 0;
		};
/* End PBXResourcesBuildPhase section */

/* Begin PBXRezBuildPhase section */
		2923E20C196DB2C900724858 /* Rez */ = {
			isa = PBXRezBuildPhase;
			buildActionMask = 2147483647;
			files = (
			);
			runOnlyForDeploymentPostprocessing = 0;
		};
/* End PBXRezBuildPhase section */

/* Begin PBXSourcesBuildPhase section */
		2923E208196DB2C900724858 /* Sources */ = {
			isa = PBXSourcesBuildPhase;
			buildActionMask = 2147483647;
			files = (
				2923E224196E8F0A00724858 /* PJQemuTabletEventDriver.cpp in Sources */,
			);
			runOnlyForDeploymentPostprocessing = 0;
		};
/* End PBXSourcesBuildPhase section */

/* Begin XCBuildConfiguration section */
		2923E21D196DB2C900724858 /* Debug */ = {
			isa = XCBuildConfiguration;
			buildSettings = {
				ALWAYS_SEARCH_USER_PATHS = NO;
				CLANG_CXX_LANGUAGE_STANDARD = "gnu++0x";
				CLANG_CXX_LIBRARY = "libc++";
				CLANG_ENABLE_MODULES = YES;
				CLANG_ENABLE_OBJC_ARC = YES;
				CLANG_WARN_BOOL_CONVERSION = YES;
				CLANG_WARN_CONSTANT_CONVERSION = YES;
				CLANG_WARN_DIRECT_OBJC_ISA_USAGE = YES_ERROR;
				CLANG_WARN_EMPTY_BODY = YES;
				CLANG_WARN_ENUM_CONVERSION = YES;
				CLANG_WARN_INT_CONVERSION = YES;
				CLANG_WARN_OBJC_ROOT_CLASS = YES_ERROR;
				CLANG_WARN__DUPLICATE_METHOD_MATCH = YES;
				COPY_PHASE_STRIP = NO;
				GCC_C_LANGUAGE_STANDARD = gnu99;
				GCC_DYNAMIC_NO_PIC = NO;
				GCC_ENABLE_OBJC_EXCEPTIONS = YES;
				GCC_OPTIMIZATION_LEVEL = 0;
				GCC_PREPROCESSOR_DEFINITIONS = (
					"DEBUG=1",
					"$(inherited)",
				);
				GCC_SYMBOLS_PRIVATE_EXTERN = NO;
				GCC_WARN_64_TO_32_BIT_CONVERSION = YES;
				GCC_WARN_ABOUT_RETURN_TYPE = YES_ERROR;
				GCC_WARN_UNDECLARED_SELECTOR = YES;
				GCC_WARN_UNINITIALIZED_AUTOS = YES_AGGRESSIVE;
				GCC_WARN_UNUSED_FUNCTION = YES;
				GCC_WARN_UNUSED_VARIABLE = YES;
				MACOSX_DEPLOYMENT_TARGET = 10.9;
				ONLY_ACTIVE_ARCH = YES;
				SDKROOT = macosx;
			};
			name = Debug;
		};
		2923E21E196DB2C900724858 /* Release */ = {
			isa = XCBuildConfiguration;
			buildSettings = {
				ALWAYS_SEARCH_USER_PATHS = NO;
				CLANG_CXX_LANGUAGE_STANDARD = "gnu++0x";
				CLANG_CXX_LIBRARY = "libc++";
				CLANG_ENABLE_MODULES = YES;
				CLANG_ENABLE_OBJC_ARC = YES;
				CLANG_WARN_BOOL_CONVERSION = YES;
				CLANG_WARN_CONSTANT_CONVERSION = YES;
				CLANG_WARN_DIRECT_OBJC_ISA_USAGE = YES_ERROR;
				CLANG_WARN_EMPTY_BODY = YES;
				CLANG_WARN_ENUM_CONVERSION = YES;
				CLANG_WARN_INT_CONVERSION = YES;
				CLANG_WARN_OBJC_ROOT_CLASS = YES_ERROR;
				CLANG_WARN__DUPLICATE_METHOD_MATCH = YES;
				COPY_PHASE_STRIP = YES;
				DEBUG_INFORMATION_FORMAT = "dwarf-with-dsym";
				ENABLE_NS_ASSERTIONS = NO;
				GCC_C_LANGUAGE_STANDARD = gnu99;
				GCC_ENABLE_OBJC_EXCEPTIONS = YES;
				GCC_WARN_64_TO_32_BIT_CONVERSION = YES;
				GCC_WARN_ABOUT_RETURN_TYPE = YES_ERROR;
				GCC_WARN_UNDECLARED_SELECTOR = YES;
				GCC_WARN_UNINITIALIZED_AUTOS = YES_AGGRESSIVE;
				GCC_WARN_UNUSED_FUNCTION = YES;
				GCC_WARN_UNUSED_VARIABLE = YES;
				MACOSX_DEPLOYMENT_TARGET = 10.9;
				SDKROOT = macosx;
			};
			name = Release;
		};
		2923E220196DB2C900724858 /* Debug */ = {
			isa = XCBuildConfiguration;
			buildSettings = {
				COMBINE_HIDPI_IMAGES = YES;
				CURRENT_PROJECT_VERSION = 1.0.0d1;
				GCC_PRECOMPILE_PREFIX_HEADER = YES;
				GCC_PREFIX_HEADER = "QemuUSBTablet/QemuUSBTablet-Prefix.pch";
				INFOPLIST_FILE = "QemuUSBTablet/QemuUSBTablet-Info.plist";
				MODULE_NAME = eu.philjordan.driver.QemuUSBTablet;
				MODULE_VERSION = 1.0.0d1;
				PRODUCT_NAME = "$(TARGET_NAME)";
				WRAPPER_EXTENSION = kext;
			};
			name = Debug;
		};
		2923E221196DB2C900724858 /* Release */ = {
			isa = XCBuildConfiguration;
			buildSettings = {
				COMBINE_HIDPI_IMAGES = YES;
				CURRENT_PROJECT_VERSION = 1.0.0d1;
				GCC_PRECOMPILE_PREFIX_HEADER = YES;
				GCC_PREFIX_HEADER = "QemuUSBTablet/QemuUSBTablet-Prefix.pch";
				INFOPLIST_FILE = "QemuUSBTablet/QemuUSBTablet-Info.plist";
				MODULE_NAME = eu.philjordan.driver.QemuUSBTablet;
				MODULE_VERSION = 1.0.0d1;
				PRODUCT_NAME = "$(TARGET_NAME)";
				WRAPPER_EXTENSION = kext;
			};
			name = Release;
		};
/* End XCBuildConfiguration section */

/* Begin XCConfigurationList section */
		2923E207196DB2C900724858 /* Build configuration list for PBXProject "QemuUSBTablet" */ = {
			isa = XCConfigurationList;
			buildConfigurations = (
				2923E21D196DB2C900724858 /* Debug */,
				2923E21E196DB2C900724858 /* Release */,
			);
			defaultConfigurationIsVisible = 0;
			defaultConfigurationName = Release;
		};
		2923E21F196DB2C900724858 /* Build configuration list for PBXNativeTarget "QemuUSBTablet" */ = {
			isa = XCConfigurationList;
			buildConfigurations = (
				2923E220196DB2C900724858 /* Debug */,
				2923E221196DB2C900724858 /* Release */,
			);
			defaultConfigurationIsVisible = 0;
		};
/* End XCConfigurationList section */
	};
	rootObject = 2923E204196DB2C900724858 /* Project object */;
}
