// !$*UTF8*$!
{
	archiveVersion = 1;
	classes = {
	};
	objectVersion = 46;
	objects = {

/* Begin PBXAggregateTarget section */
		29BA3F5A1A548C0F0067FC9E /* QemuUSBTablet-all */ = {
			isa = PBXAggregateTarget;
			buildConfigurationList = 29BA3F5B1A548C0F0067FC9E /* Build configuration list for PBXAggregateTarget "QemuUSBTablet-all" */;
			buildPhases = (
			);
			dependencies = (
				4A45FE8E1D79DA81001A73D7 /* PBXTargetDependency */,
				4A45FE8C1D79DA7E001A73D7 /* PBXTargetDependency */,
				29BA3F6A1A548C3C0067FC9E /* PBXTargetDependency */,
			);
			name = "QemuUSBTablet-all";
			productName = all;
		};
		4A45FE871D79D858001A73D7 /* QemuUSBTabletMavericks */ = {
			isa = PBXAggregateTarget;
			buildConfigurationList = 4A45FE881D79D858001A73D7 /* Build configuration list for PBXAggregateTarget "QemuUSBTabletMavericks" */;
			buildPhases = (
				4A45FE8F1D79DA8A001A73D7 /* ShellScript */,
			);
			dependencies = (
			);
			name = QemuUSBTabletMavericks;
			productName = QemuUSBTabletMavericks;
		};
/* End PBXAggregateTarget section */

/* Begin PBXBuildFile section */
		29BA3F581A543C0C0067FC9E /* PJQemuUSBTabletDriver.cpp in Sources */ = {isa = PBXBuildFile; fileRef = 29BA3F561A543C0C0067FC9E /* PJQemuUSBTabletDriver.cpp */; };
		29BA3F591A543C0C0067FC9E /* PJQemuUSBTabletDriver.h in Headers */ = {isa = PBXBuildFile; fileRef = 29BA3F571A543C0C0067FC9E /* PJQemuUSBTabletDriver.h */; };
		4AEF51731D61F918004E4614 /* QemuUSBTablet1011.h in Headers */ = {isa = PBXBuildFile; fileRef = 4AEF51721D61F918004E4614 /* QemuUSBTablet1011.h */; };
		4AEF51751D61F918004E4614 /* QemuUSBTablet1011.cpp in Sources */ = {isa = PBXBuildFile; fileRef = 4AEF51741D61F918004E4614 /* QemuUSBTablet1011.cpp */; };
/* End PBXBuildFile section */

/* Begin PBXContainerItemProxy section */
		29BA3F691A548C3C0067FC9E /* PBXContainerItemProxy */ = {
			isa = PBXContainerItemProxy;
			containerPortal = 2923E204196DB2C900724858 /* Project object */;
			proxyType = 1;
			remoteGlobalIDString = 2923E238196F186D00724858;
			remoteInfo = QemuUSBTablet;
		};
		4A45FE8B1D79DA7E001A73D7 /* PBXContainerItemProxy */ = {
			isa = PBXContainerItemProxy;
			containerPortal = 2923E204196DB2C900724858 /* Project object */;
			proxyType = 1;
			remoteGlobalIDString = 4AEF516F1D61F918004E4614;
			remoteInfo = QemuUSBTablet1011;
		};
		4A45FE8D1D79DA81001A73D7 /* PBXContainerItemProxy */ = {
			isa = PBXContainerItemProxy;
			containerPortal = 2923E204196DB2C900724858 /* Project object */;
			proxyType = 1;
			remoteGlobalIDString = 4A45FE871D79D858001A73D7;
			remoteInfo = QemuUSBTabletMavericks;
		};
/* End PBXContainerItemProxy section */

/* Begin PBXFileReference section */
		2923E20E196DB2C900724858 /* QemuUSBTabletUSBDriver.kext */ = {isa = PBXFileReference; explicitFileType = wrapper.cfbundle; includeInIndex = 0; path = QemuUSBTabletUSBDriver.kext; sourceTree = BUILT_PRODUCTS_DIR; };
		2923E212196DB2C900724858 /* Kernel.framework */ = {isa = PBXFileReference; lastKnownFileType = wrapper.framework; name = Kernel.framework; path = System/Library/Frameworks/Kernel.framework; sourceTree = SDKROOT; };
		2923E239196F186D00724858 /* QemuUSBTablet.kext */ = {isa = PBXFileReference; explicitFileType = wrapper.cfbundle; includeInIndex = 0; path = QemuUSBTablet.kext; sourceTree = BUILT_PRODUCTS_DIR; };
		2923E23C196F186D00724858 /* QemuUSBTablet-Info.plist */ = {isa = PBXFileReference; lastKnownFileType = text.plist.xml; path = "QemuUSBTablet-Info.plist"; sourceTree = "<group>"; };
		2923E247196F194500724858 /* QemuUSBTabletMavericks-Info.plist */ = {isa = PBXFileReference; fileEncoding = 4; lastKnownFileType = text.plist.xml; path = "QemuUSBTabletMavericks-Info.plist"; sourceTree = "<group>"; };
		29BA3F561A543C0C0067FC9E /* PJQemuUSBTabletDriver.cpp */ = {isa = PBXFileReference; fileEncoding = 4; lastKnownFileType = sourcecode.cpp.cpp; path = PJQemuUSBTabletDriver.cpp; sourceTree = "<group>"; };
		29BA3F571A543C0C0067FC9E /* PJQemuUSBTabletDriver.h */ = {isa = PBXFileReference; fileEncoding = 4; lastKnownFileType = sourcecode.c.h; path = PJQemuUSBTabletDriver.h; sourceTree = "<group>"; };
		29BA3F711A5497840067FC9E /* Distribution.xml */ = {isa = PBXFileReference; fileEncoding = 4; indentWidth = 4; lastKnownFileType = text.xml; name = Distribution.xml; path = pkg/Distribution.xml; sourceTree = "<group>"; tabWidth = 4; usesTabs = 0; };
		29BA3F721A5497900067FC9E /* Resources */ = {isa = PBXFileReference; lastKnownFileType = folder; name = Resources; path = pkg/Resources; sourceTree = "<group>"; };
		29BA3F731A5497900067FC9E /* scripts */ = {isa = PBXFileReference; lastKnownFileType = folder; name = scripts; path = pkg/scripts; sourceTree = "<group>"; };
		29BA3F741A549D520067FC9E /* LICENSE.txt */ = {isa = PBXFileReference; lastKnownFileType = text; path = LICENSE.txt; sourceTree = "<group>"; };
		29BA3F751A54A1000067FC9E /* readme.md */ = {isa = PBXFileReference; lastKnownFileType = net.daringfireball.markdown; path = readme.md; sourceTree = "<group>"; };
		4A1539CB1D7D850F0076AB4C /* build-combined-package.sh */ = {isa = PBXFileReference; fileEncoding = 4; lastKnownFileType = text.script.sh; name = "build-combined-package.sh"; path = "pkg/build-combined-package.sh"; sourceTree = "<group>"; };
		4A1539CC1D7D850F0076AB4C /* create-distribution-xml.sh */ = {isa = PBXFileReference; fileEncoding = 4; lastKnownFileType = text.script.sh; name = "create-distribution-xml.sh"; path = "pkg/create-distribution-xml.sh"; sourceTree = "<group>"; };
		4A1539CF1D7D88C50076AB4C /* distribution-xml.patch */ = {isa = PBXFileReference; fileEncoding = 4; lastKnownFileType = text; name = "distribution-xml.patch"; path = "pkg/distribution-xml.patch"; sourceTree = "<group>"; };
		4AEF51701D61F918004E4614 /* QemuUSBTablet1011.kext */ = {isa = PBXFileReference; explicitFileType = wrapper.cfbundle; includeInIndex = 0; path = QemuUSBTablet1011.kext; sourceTree = BUILT_PRODUCTS_DIR; };
		4AEF51721D61F918004E4614 /* QemuUSBTablet1011.h */ = {isa = PBXFileReference; lastKnownFileType = sourcecode.c.h; path = QemuUSBTablet1011.h; sourceTree = "<group>"; };
		4AEF51741D61F918004E4614 /* QemuUSBTablet1011.cpp */ = {isa = PBXFileReference; lastKnownFileType = sourcecode.cpp.cpp; path = QemuUSBTablet1011.cpp; sourceTree = "<group>"; };
		4AEF51761D61F918004E4614 /* Info.plist */ = {isa = PBXFileReference; lastKnownFileType = text.plist.xml; path = Info.plist; sourceTree = "<group>"; };
/* End PBXFileReference section */

/* Begin PBXFrameworksBuildPhase section */
		2923E209196DB2C900724858 /* Frameworks */ = {
			isa = PBXFrameworksBuildPhase;
			buildActionMask = 2147483647;
			files = (
			);
			runOnlyForDeploymentPostprocessing = 0;
		};
		2923E234196F186D00724858 /* Frameworks */ = {
			isa = PBXFrameworksBuildPhase;
			buildActionMask = 2147483647;
			files = (
			);
			runOnlyForDeploymentPostprocessing = 0;
		};
		4AEF516C1D61F918004E4614 /* Frameworks */ = {
			isa = PBXFrameworksBuildPhase;
			buildActionMask = 2147483647;
			files = (
			);
			runOnlyForDeploymentPostprocessing = 0;
		};
/* End PBXFrameworksBuildPhase section */

/* Begin PBXGroup section */
		2923E203196DB2C900724858 = {
			isa = PBXGroup;
			children = (
				29BA3F751A54A1000067FC9E /* readme.md */,
				29BA3F741A549D520067FC9E /* LICENSE.txt */,
				2923E213196DB2C900724858 /* QemuUSBTabletMavericks */,
				2923E23A196F186D00724858 /* QemuUSBTablet */,
				29BA3F6D1A548C4D0067FC9E /* pkg */,
				4AEF51711D61F918004E4614 /* QemuUSBTablet1011 */,
				2923E210196DB2C900724858 /* Frameworks */,
				2923E20F196DB2C900724858 /* Products */,
			);
			sourceTree = "<group>";
		};
		2923E20F196DB2C900724858 /* Products */ = {
			isa = PBXGroup;
			children = (
				2923E20E196DB2C900724858 /* QemuUSBTabletUSBDriver.kext */,
				2923E239196F186D00724858 /* QemuUSBTablet.kext */,
				4AEF51701D61F918004E4614 /* QemuUSBTablet1011.kext */,
			);
			name = Products;
			sourceTree = "<group>";
		};
		2923E210196DB2C900724858 /* Frameworks */ = {
			isa = PBXGroup;
			children = (
				2923E211196DB2C900724858 /* Other Frameworks */,
			);
			name = Frameworks;
			sourceTree = "<group>";
		};
		2923E211196DB2C900724858 /* Other Frameworks */ = {
			isa = PBXGroup;
			children = (
				2923E212196DB2C900724858 /* Kernel.framework */,
			);
			name = "Other Frameworks";
			sourceTree = "<group>";
		};
		2923E213196DB2C900724858 /* QemuUSBTabletMavericks */ = {
			isa = PBXGroup;
			children = (
				2923E214196DB2C900724858 /* Supporting Files */,
				29BA3F571A543C0C0067FC9E /* PJQemuUSBTabletDriver.h */,
				29BA3F561A543C0C0067FC9E /* PJQemuUSBTabletDriver.cpp */,
			);
			name = QemuUSBTabletMavericks;
			path = QemuUSBTablet;
			sourceTree = "<group>";
		};
		2923E214196DB2C900724858 /* Supporting Files */ = {
			isa = PBXGroup;
			children = (
				2923E247196F194500724858 /* QemuUSBTabletMavericks-Info.plist */,
			);
			name = "Supporting Files";
			sourceTree = "<group>";
		};
		2923E23A196F186D00724858 /* QemuUSBTablet */ = {
			isa = PBXGroup;
			children = (
				2923E23B196F186D00724858 /* Supporting Files */,
			);
			path = QemuUSBTablet;
			sourceTree = "<group>";
		};
		2923E23B196F186D00724858 /* Supporting Files */ = {
			isa = PBXGroup;
			children = (
				2923E23C196F186D00724858 /* QemuUSBTablet-Info.plist */,
			);
			name = "Supporting Files";
			sourceTree = "<group>";
		};
		29BA3F6D1A548C4D0067FC9E /* pkg */ = {
			isa = PBXGroup;
			children = (
				4A1539CF1D7D88C50076AB4C /* distribution-xml.patch */,
				4A1539CB1D7D850F0076AB4C /* build-combined-package.sh */,
				4A1539CC1D7D850F0076AB4C /* create-distribution-xml.sh */,
				29BA3F711A5497840067FC9E /* Distribution.xml */,
				29BA3F721A5497900067FC9E /* Resources */,
				29BA3F731A5497900067FC9E /* scripts */,
			);
			name = pkg;
			sourceTree = "<group>";
		};
		4AEF51711D61F918004E4614 /* QemuUSBTablet1011 */ = {
			isa = PBXGroup;
			children = (
				4AEF51721D61F918004E4614 /* QemuUSBTablet1011.h */,
				4AEF51741D61F918004E4614 /* QemuUSBTablet1011.cpp */,
				4AEF517A1D61F946004E4614 /* Supporting Files */,
			);
			path = QemuUSBTablet1011;
			sourceTree = "<group>";
		};
		4AEF517A1D61F946004E4614 /* Supporting Files */ = {
			isa = PBXGroup;
			children = (
				4AEF51761D61F918004E4614 /* Info.plist */,
			);
			name = "Supporting Files";
			sourceTree = "<group>";
		};
/* End PBXGroup section */

/* Begin PBXHeadersBuildPhase section */
		2923E20A196DB2C900724858 /* Headers */ = {
			isa = PBXHeadersBuildPhase;
			buildActionMask = 2147483647;
			files = (
				29BA3F591A543C0C0067FC9E /* PJQemuUSBTabletDriver.h in Headers */,
			);
			runOnlyForDeploymentPostprocessing = 0;
		};
		2923E235196F186D00724858 /* Headers */ = {
			isa = PBXHeadersBuildPhase;
			buildActionMask = 2147483647;
			files = (
			);
			runOnlyForDeploymentPostprocessing = 0;
		};
		4AEF516D1D61F918004E4614 /* Headers */ = {
			isa = PBXHeadersBuildPhase;
			buildActionMask = 2147483647;
			files = (
				4AEF51731D61F918004E4614 /* QemuUSBTablet1011.h in Headers */,
			);
			runOnlyForDeploymentPostprocessing = 0;
		};
/* End PBXHeadersBuildPhase section */

/* Begin PBXNativeTarget section */
		2923E20D196DB2C900724858 /* QemuUSBTabletUSBDriver */ = {
			isa = PBXNativeTarget;
			buildConfigurationList = 2923E21F196DB2C900724858 /* Build configuration list for PBXNativeTarget "QemuUSBTabletUSBDriver" */;
			buildPhases = (
				2923E208196DB2C900724858 /* Sources */,
				2923E209196DB2C900724858 /* Frameworks */,
				2923E20A196DB2C900724858 /* Headers */,
				2923E20B196DB2C900724858 /* Resources */,
				2923E20C196DB2C900724858 /* Rez */,
			);
			buildRules = (
			);
			dependencies = (
			);
			name = QemuUSBTabletUSBDriver;
			productName = QemuUSBTablet;
			productReference = 2923E20E196DB2C900724858 /* QemuUSBTabletUSBDriver.kext */;
			productType = "com.apple.product-type.kernel-extension";
		};
		2923E238196F186D00724858 /* QemuUSBTablet */ = {
			isa = PBXNativeTarget;
			buildConfigurationList = 2923E244196F186D00724858 /* Build configuration list for PBXNativeTarget "QemuUSBTablet" */;
			buildPhases = (
				2923E233196F186D00724858 /* Sources */,
				2923E234196F186D00724858 /* Frameworks */,
				2923E235196F186D00724858 /* Headers */,
				2923E236196F186D00724858 /* Resources */,
				2923E237196F186D00724858 /* Rez */,
			);
			buildRules = (
			);
			dependencies = (
			);
			name = QemuUSBTablet;
			productName = QemuUSBTablet;
			productReference = 2923E239196F186D00724858 /* QemuUSBTablet.kext */;
			productType = "com.apple.product-type.kernel-extension";
		};
		4AEF516F1D61F918004E4614 /* QemuUSBTablet1011 */ = {
			isa = PBXNativeTarget;
			buildConfigurationList = 4AEF51771D61F918004E4614 /* Build configuration list for PBXNativeTarget "QemuUSBTablet1011" */;
			buildPhases = (
				4AEF516B1D61F918004E4614 /* Sources */,
				4AEF516C1D61F918004E4614 /* Frameworks */,
				4AEF516D1D61F918004E4614 /* Headers */,
				4AEF516E1D61F918004E4614 /* Resources */,
			);
			buildRules = (
			);
			dependencies = (
			);
			name = QemuUSBTablet1011;
			productName = QemuUSBTablet1011;
			productReference = 4AEF51701D61F918004E4614 /* QemuUSBTablet1011.kext */;
			productType = "com.apple.product-type.kernel-extension";
		};
/* End PBXNativeTarget section */

/* Begin PBXProject section */
		2923E204196DB2C900724858 /* Project object */ = {
			isa = PBXProject;
			attributes = {
				LastUpgradeCheck = 0730;
				ORGANIZATIONNAME = "Phil Jordan";
				TargetAttributes = {
					29BA3F5A1A548C0F0067FC9E = {
						CreatedOnToolsVersion = 6.1.1;
					};
					4A45FE871D79D858001A73D7 = {
						CreatedOnToolsVersion = 7.3.1;
					};
					4AEF516F1D61F918004E4614 = {
						CreatedOnToolsVersion = 7.2;
					};
				};
			};
			buildConfigurationList = 2923E207196DB2C900724858 /* Build configuration list for PBXProject "QemuUSBTablet" */;
			compatibilityVersion = "Xcode 3.2";
			developmentRegion = English;
			hasScannedForEncodings = 0;
			knownRegions = (
				en,
			);
			mainGroup = 2923E203196DB2C900724858;
			productRefGroup = 2923E20F196DB2C900724858 /* Products */;
			projectDirPath = "";
			projectRoot = "";
			targets = (
				2923E238196F186D00724858 /* QemuUSBTablet */,
				2923E20D196DB2C900724858 /* QemuUSBTabletUSBDriver */,
				4AEF516F1D61F918004E4614 /* QemuUSBTablet1011 */,
				29BA3F5A1A548C0F0067FC9E /* QemuUSBTablet-all */,
				4A45FE871D79D858001A73D7 /* QemuUSBTabletMavericks */,
			);
		};
/* End PBXProject section */

/* Begin PBXResourcesBuildPhase section */
		2923E20B196DB2C900724858 /* Resources */ = {
			isa = PBXResourcesBuildPhase;
			buildActionMask = 2147483647;
			files = (
			);
			runOnlyForDeploymentPostprocessing = 0;
		};
		2923E236196F186D00724858 /* Resources */ = {
			isa = PBXResourcesBuildPhase;
			buildActionMask = 2147483647;
			files = (
			);
			runOnlyForDeploymentPostprocessing = 0;
		};
		4AEF516E1D61F918004E4614 /* Resources */ = {
			isa = PBXResourcesBuildPhase;
			buildActionMask = 2147483647;
			files = (
			);
			runOnlyForDeploymentPostprocessing = 0;
		};
/* End PBXResourcesBuildPhase section */

/* Begin PBXRezBuildPhase section */
		2923E20C196DB2C900724858 /* Rez */ = {
			isa = PBXRezBuildPhase;
			buildActionMask = 2147483647;
			files = (
			);
			runOnlyForDeploymentPostprocessing = 0;
		};
		2923E237196F186D00724858 /* Rez */ = {
			isa = PBXRezBuildPhase;
			buildActionMask = 2147483647;
			files = (
			);
			runOnlyForDeploymentPostprocessing = 0;
		};
/* End PBXRezBuildPhase section */

/* Begin PBXShellScriptBuildPhase section */
		4A45FE8F1D79DA8A001A73D7 /* ShellScript */ = {
			isa = PBXShellScriptBuildPhase;
			buildActionMask = 2147483647;
			files = (
			);
			inputPaths = (
			);
			outputPaths = (
			);
			runOnlyForDeploymentPostprocessing = 0;
			shellPath = /bin/sh;
			shellScript = "export XCODE6APP=`mdfind 'kMDItemCFBundleIdentifier = \"com.apple.dt.Xcode\" && (kMDItemVersion = \"6.4\" || kMDItemVersion = \"6.3.2\")' | head -n 1`\necho Xcode 6 location: $XCODE6APP\n\"$XCODE6APP/Contents/Developer/usr/bin/xcodebuild\" -project \"$PROJECT_DIR/QemuUSBTablet.xcodeproj\" -target QemuUSBTabletUSBDriver \"$ACTION\"";
		};
/* End PBXShellScriptBuildPhase section */

/* Begin PBXSourcesBuildPhase section */
		2923E208196DB2C900724858 /* Sources */ = {
			isa = PBXSourcesBuildPhase;
			buildActionMask = 2147483647;
			files = (
				29BA3F581A543C0C0067FC9E /* PJQemuUSBTabletDriver.cpp in Sources */,
			);
			runOnlyForDeploymentPostprocessing = 0;
		};
		2923E233196F186D00724858 /* Sources */ = {
			isa = PBXSourcesBuildPhase;
			buildActionMask = 2147483647;
			files = (
			);
			runOnlyForDeploymentPostprocessing = 0;
		};
		4AEF516B1D61F918004E4614 /* Sources */ = {
			isa = PBXSourcesBuildPhase;
			buildActionMask = 2147483647;
			files = (
				4AEF51751D61F918004E4614 /* QemuUSBTablet1011.cpp in Sources */,
			);
			runOnlyForDeploymentPostprocessing = 0;
		};
/* End PBXSourcesBuildPhase section */

/* Begin PBXTargetDependency section */
		29BA3F6A1A548C3C0067FC9E /* PBXTargetDependency */ = {
			isa = PBXTargetDependency;
			target = 2923E238196F186D00724858 /* QemuUSBTablet */;
			targetProxy = 29BA3F691A548C3C0067FC9E /* PBXContainerItemProxy */;
		};
		4A45FE8C1D79DA7E001A73D7 /* PBXTargetDependency */ = {
			isa = PBXTargetDependency;
			target = 4AEF516F1D61F918004E4614 /* QemuUSBTablet1011 */;
			targetProxy = 4A45FE8B1D79DA7E001A73D7 /* PBXContainerItemProxy */;
		};
		4A45FE8E1D79DA81001A73D7 /* PBXTargetDependency */ = {
			isa = PBXTargetDependency;
			target = 4A45FE871D79D858001A73D7 /* QemuUSBTabletMavericks */;
			targetProxy = 4A45FE8D1D79DA81001A73D7 /* PBXContainerItemProxy */;
		};
/* End PBXTargetDependency section */

/* Begin XCBuildConfiguration section */
		2923E21D196DB2C900724858 /* Debug */ = {
			isa = XCBuildConfiguration;
			buildSettings = {
				ALWAYS_SEARCH_USER_PATHS = NO;
				CLANG_CXX_LANGUAGE_STANDARD = "gnu++0x";
				CLANG_CXX_LIBRARY = "libc++";
				CLANG_ENABLE_MODULES = YES;
				CLANG_ENABLE_OBJC_ARC = YES;
				CLANG_WARN_BOOL_CONVERSION = YES;
				CLANG_WARN_CONSTANT_CONVERSION = YES;
				CLANG_WARN_DIRECT_OBJC_ISA_USAGE = YES_ERROR;
				CLANG_WARN_EMPTY_BODY = YES;
				CLANG_WARN_ENUM_CONVERSION = YES;
				CLANG_WARN_INT_CONVERSION = YES;
				CLANG_WARN_OBJC_ROOT_CLASS = YES_ERROR;
				CLANG_WARN__DUPLICATE_METHOD_MATCH = YES;
				COPY_PHASE_STRIP = NO;
				DSTROOT = "$(PROJECT_DIR)/build/artefacts/$(TARGET_NAME)/";
				ENABLE_TESTABILITY = YES;
				GCC_C_LANGUAGE_STANDARD = gnu99;
				GCC_DYNAMIC_NO_PIC = NO;
				GCC_ENABLE_OBJC_EXCEPTIONS = YES;
				GCC_OPTIMIZATION_LEVEL = 0;
				GCC_PREPROCESSOR_DEFINITIONS = (
					"DEBUG=1",
					"$(inherited)",
				);
				GCC_SYMBOLS_PRIVATE_EXTERN = NO;
				GCC_WARN_64_TO_32_BIT_CONVERSION = YES;
				GCC_WARN_ABOUT_RETURN_TYPE = YES_ERROR;
				GCC_WARN_UNDECLARED_SELECTOR = YES;
				GCC_WARN_UNINITIALIZED_AUTOS = YES_AGGRESSIVE;
				GCC_WARN_UNUSED_FUNCTION = YES;
				GCC_WARN_UNUSED_VARIABLE = YES;
				MACOSX_DEPLOYMENT_TARGET = 10.9;
				ONLY_ACTIVE_ARCH = YES;
				SDKROOT = macosx;
			};
			name = Debug;
		};
		2923E21E196DB2C900724858 /* Release */ = {
			isa = XCBuildConfiguration;
			buildSettings = {
				ALWAYS_SEARCH_USER_PATHS = NO;
				CLANG_CXX_LANGUAGE_STANDARD = "gnu++0x";
				CLANG_CXX_LIBRARY = "libc++";
				CLANG_ENABLE_MODULES = YES;
				CLANG_ENABLE_OBJC_ARC = YES;
				CLANG_WARN_BOOL_CONVERSION = YES;
				CLANG_WARN_CONSTANT_CONVERSION = YES;
				CLANG_WARN_DIRECT_OBJC_ISA_USAGE = YES_ERROR;
				CLANG_WARN_EMPTY_BODY = YES;
				CLANG_WARN_ENUM_CONVERSION = YES;
				CLANG_WARN_INT_CONVERSION = YES;
				CLANG_WARN_OBJC_ROOT_CLASS = YES_ERROR;
				CLANG_WARN__DUPLICATE_METHOD_MATCH = YES;
				COPY_PHASE_STRIP = YES;
				DEBUG_INFORMATION_FORMAT = "dwarf-with-dsym";
				DSTROOT = "$(PROJECT_DIR)/build/artefacts/$(TARGET_NAME)/";
				ENABLE_NS_ASSERTIONS = NO;
				GCC_C_LANGUAGE_STANDARD = gnu99;
				GCC_ENABLE_OBJC_EXCEPTIONS = YES;
				GCC_WARN_64_TO_32_BIT_CONVERSION = YES;
				GCC_WARN_ABOUT_RETURN_TYPE = YES_ERROR;
				GCC_WARN_UNDECLARED_SELECTOR = YES;
				GCC_WARN_UNINITIALIZED_AUTOS = YES_AGGRESSIVE;
				GCC_WARN_UNUSED_FUNCTION = YES;
				GCC_WARN_UNUSED_VARIABLE = YES;
				MACOSX_DEPLOYMENT_TARGET = 10.9;
				SDKROOT = macosx;
			};
			name = Release;
		};
		2923E220196DB2C900724858 /* Debug */ = {
			isa = XCBuildConfiguration;
			buildSettings = {
				CODE_SIGN_IDENTITY = "Developer ID Application";
				COMBINE_HIDPI_IMAGES = YES;
				CURRENT_PROJECT_VERSION = 1.9.0d1;
				INFOPLIST_FILE = "QemuUSBTablet/QemuUSBTabletMavericks-Info.plist";
				INSTALL_PATH = "$(LIBRARY_KEXT_INSTALL_PATH)";
				MODULE_NAME = "eu.dennis-jordan.driver.QemuUSBTablet";
				MODULE_VERSION = 1.1.1;
				PRODUCT_BUNDLE_IDENTIFIER = "eu.dennis-jordan.driver.QemuUSBTablet";
				PRODUCT_NAME = "$(TARGET_NAME)";
				SDKROOT = macosx10.9;
				WRAPPER_EXTENSION = kext;
			};
			name = Debug;
		};
		2923E221196DB2C900724858 /* Release */ = {
			isa = XCBuildConfiguration;
			buildSettings = {
				CODE_SIGN_IDENTITY = "Developer ID Application";
				COMBINE_HIDPI_IMAGES = YES;
				CURRENT_PROJECT_VERSION = 1.9.0d1;
				INFOPLIST_FILE = "QemuUSBTablet/QemuUSBTabletMavericks-Info.plist";
				INSTALL_PATH = "$(LIBRARY_KEXT_INSTALL_PATH)";
				MODULE_NAME = "eu.dennis-jordan.driver.QemuUSBTablet";
				MODULE_VERSION = 1.1.1;
				PRODUCT_BUNDLE_IDENTIFIER = "eu.dennis-jordan.driver.QemuUSBTablet";
				PRODUCT_NAME = "$(TARGET_NAME)";
				SDKROOT = macosx10.9;
				WRAPPER_EXTENSION = kext;
			};
			name = Release;
		};
		2923E245196F186D00724858 /* Debug */ = {
			isa = XCBuildConfiguration;
			buildSettings = {
				CODE_SIGN_IDENTITY = "Developer ID Application";
				COMBINE_HIDPI_IMAGES = YES;
				CURRENT_PROJECT_VERSION = 1.0.0d1;
				GCC_PRECOMPILE_PREFIX_HEADER = YES;
				GCC_PREFIX_HEADER = "QemuUSBTablet/QemuUSBTablet-Prefix.pch";
				GCC_PREPROCESSOR_DEFINITIONS = (
					"DEBUG=1",
					"$(inherited)",
				);
				INFOPLIST_FILE = "QemuUSBTablet/QemuUSBTablet-Info.plist";
				INSTALL_PATH = "$(SYSTEM_KEXT_INSTALL_PATH)";
				MACOSX_DEPLOYMENT_TARGET = 10.5;
				MODULE_NAME = "eu.dennis-jordan.driver.QemuUSBTablet";
				MODULE_VERSION = 1.0.1;
				PRODUCT_BUNDLE_IDENTIFIER = "eu.dennis-jordan.driver.QemuUSBTablet";
				PRODUCT_NAME = "$(TARGET_NAME)";
				WRAPPER_EXTENSION = kext;
			};
			name = Debug;
		};
		2923E246196F186D00724858 /* Release */ = {
			isa = XCBuildConfiguration;
			buildSettings = {
				CODE_SIGN_IDENTITY = "Developer ID Application";
				COMBINE_HIDPI_IMAGES = YES;
				CURRENT_PROJECT_VERSION = 1.0.0d1;
				GCC_PRECOMPILE_PREFIX_HEADER = YES;
				GCC_PREFIX_HEADER = "QemuUSBTablet/QemuUSBTablet-Prefix.pch";
				INFOPLIST_FILE = "QemuUSBTablet/QemuUSBTablet-Info.plist";
				INSTALL_PATH = "$(SYSTEM_KEXT_INSTALL_PATH)";
				MACOSX_DEPLOYMENT_TARGET = 10.5;
				MODULE_NAME = "eu.dennis-jordan.driver.QemuUSBTablet";
				MODULE_VERSION = 1.0.1;
				PRODUCT_BUNDLE_IDENTIFIER = "eu.dennis-jordan.driver.QemuUSBTablet";
				PRODUCT_NAME = "$(TARGET_NAME)";
				WRAPPER_EXTENSION = kext;
			};
			name = Release;
		};
		29BA3F5C1A548C0F0067FC9E /* Debug */ = {
			isa = XCBuildConfiguration;
			buildSettings = {
				PRODUCT_NAME = "$(TARGET_NAME)";
			};
			name = Debug;
		};
		29BA3F5D1A548C0F0067FC9E /* Release */ = {
			isa = XCBuildConfiguration;
			buildSettings = {
				PRODUCT_NAME = "$(TARGET_NAME)";
			};
			name = Release;
		};
		4A45FE891D79D858001A73D7 /* Debug */ = {
			isa = XCBuildConfiguration;
			buildSettings = {
				PRODUCT_NAME = "$(TARGET_NAME)";
			};
			name = Debug;
		};
		4A45FE8A1D79D858001A73D7 /* Release */ = {
			isa = XCBuildConfiguration;
			buildSettings = {
				PRODUCT_NAME = "$(TARGET_NAME)";
			};
			name = Release;
		};
		4AEF51781D61F918004E4614 /* Debug */ = {
			isa = XCBuildConfiguration;
			buildSettings = {
				CLANG_WARN_UNREACHABLE_CODE = YES;
				CODE_SIGN_IDENTITY = "Developer ID Application";
				COMBINE_HIDPI_IMAGES = YES;
				CURRENT_PROJECT_VERSION = 1.0.0d1;
				DEBUG_INFORMATION_FORMAT = dwarf;
				ENABLE_STRICT_OBJC_MSGSEND = YES;
				ENABLE_TESTABILITY = YES;
				GCC_NO_COMMON_BLOCKS = YES;
				INFOPLIST_FILE = QemuUSBTablet1011/Info.plist;
				INSTALL_PATH = "$(LIBRARY_KEXT_INSTALL_PATH)";
				MACOSX_DEPLOYMENT_TARGET = 10.11;
				MODULE_NAME = "eu.dennis-jordan.driver.QemuUSBTablet";
				MODULE_VERSION = 1.2;
				MTL_ENABLE_DEBUG_INFO = YES;
				PRODUCT_BUNDLE_IDENTIFIER = "eu.dennis-jordan.driver.QemuUSBTablet1011";
				PRODUCT_NAME = "$(TARGET_NAME)";
				SDKROOT = macosx10.11;
				WRAPPER_EXTENSION = kext;
			};
			name = Debug;
		};
		4AEF51791D61F918004E4614 /* Release */ = {
			isa = XCBuildConfiguration;
			buildSettings = {
				CLANG_WARN_UNREACHABLE_CODE = YES;
				CODE_SIGN_IDENTITY = "Developer ID Application";
				COMBINE_HIDPI_IMAGES = YES;
				COPY_PHASE_STRIP = NO;
				CURRENT_PROJECT_VERSION = 1.0.0d1;
				ENABLE_STRICT_OBJC_MSGSEND = YES;
				GCC_NO_COMMON_BLOCKS = YES;
				INFOPLIST_FILE = QemuUSBTablet1011/Info.plist;
				INSTALL_PATH = "$(LIBRARY_KEXT_INSTALL_PATH)";
				MACOSX_DEPLOYMENT_TARGET = 10.11;
				MODULE_NAME = "eu.dennis-jordan.driver.QemuUSBTablet";
				MODULE_VERSION = 1.2;
				MTL_ENABLE_DEBUG_INFO = NO;
				PRODUCT_BUNDLE_IDENTIFIER = "eu.dennis-jordan.driver.QemuUSBTablet1011";
				PRODUCT_NAME = "$(TARGET_NAME)";
				SDKROOT = macosx10.11;
				WRAPPER_EXTENSION = kext;
			};
			name = Release;
		};
/* End XCBuildConfiguration section */

/* Begin XCConfigurationList section */
		2923E207196DB2C900724858 /* Build configuration list for PBXProject "QemuUSBTablet" */ = {
			isa = XCConfigurationList;
			buildConfigurations = (
				2923E21D196DB2C900724858 /* Debug */,
				2923E21E196DB2C900724858 /* Release */,
			);
			defaultConfigurationIsVisible = 0;
			defaultConfigurationName = Release;
		};
		2923E21F196DB2C900724858 /* Build configuration list for PBXNativeTarget "QemuUSBTabletUSBDriver" */ = {
			isa = XCConfigurationList;
			buildConfigurations = (
				2923E220196DB2C900724858 /* Debug */,
				2923E221196DB2C900724858 /* Release */,
			);
			defaultConfigurationIsVisible = 0;
			defaultConfigurationName = Release;
		};
		2923E244196F186D00724858 /* Build configuration list for PBXNativeTarget "QemuUSBTablet" */ = {
			isa = XCConfigurationList;
			buildConfigurations = (
				2923E245196F186D00724858 /* Debug */,
				2923E246196F186D00724858 /* Release */,
			);
			defaultConfigurationIsVisible = 0;
			defaultConfigurationName = Release;
		};
		29BA3F5B1A548C0F0067FC9E /* Build configuration list for PBXAggregateTarget "QemuUSBTablet-all" */ = {
			isa = XCConfigurationList;
			buildConfigurations = (
				29BA3F5C1A548C0F0067FC9E /* Debug */,
				29BA3F5D1A548C0F0067FC9E /* Release */,
			);
			defaultConfigurationIsVisible = 0;
			defaultConfigurationName = Release;
		};
		4A45FE881D79D858001A73D7 /* Build configuration list for PBXAggregateTarget "QemuUSBTabletMavericks" */ = {
			isa = XCConfigurationList;
			buildConfigurations = (
				4A45FE891D79D858001A73D7 /* Debug */,
				4A45FE8A1D79D858001A73D7 /* Release */,
			);
			defaultConfigurationIsVisible = 0;
			defaultConfigurationName = Release;
		};
		4AEF51771D61F918004E4614 /* Build configuration list for PBXNativeTarget "QemuUSBTablet1011" */ = {
			isa = XCConfigurationList;
			buildConfigurations = (
				4AEF51781D61F918004E4614 /* Debug */,
				4AEF51791D61F918004E4614 /* Release */,
			);
			defaultConfigurationIsVisible = 0;
			defaultConfigurationName = Release;
		};
/* End XCConfigurationList section */
	};
	rootObject = 2923E204196DB2C900724858 /* Project object */;
}
